{
  "name": "liushi-agent-settings-codex",
  "version": "0.1.0",
  "lockfileVersion": 3,
  "requires": true,
  "packages": {
    "": {
      "name": "liushi-agent-settings-codex",
      "version": "0.1.0",
      "workspaces": [
        "packages/harness",
        "packages/codex-config",
        "packages/harness/src/.agents/skills/multi-agent-orchestration"
      ]
    },
    "node_modules/@liushi-agent-settings/codex-config": {
      "resolved": "packages/codex-config",
      "link": true
    },
    "node_modules/@liushi-agent-settings/harness": {
      "resolved": "packages/harness",
      "link": true
    },
    "packages/codex-config": {
      "name": "@liushi-agent-settings/codex-config",
      "version": "0.1.0"
    },
    "packages/harness": {
      "name": "@liushi-agent-settings/harness",
      "version": "0.1.0"
    }
  }
}
